# This file is automatically @generated by Poetry 1.7.1 and should not be changed by hand.

[[package]]
name = "json-pointer"
version = "0.1.2"
description = "Simple implementation of the json-pointer spec"
optional = false
python-versions = "*"
files = [
    {file = "json_pointer-0.1.2.tar.gz", hash = "sha256:bcc02765958406430cd0873160ff74178ab29cf9f5ebc012496ff23314df951f"},
]

[[package]]
name = "jsonnet"
version = "0.20.0"
description = "Python bindings for Jsonnet - The data templating language"
optional = false
python-versions = "*"
files = [
    {file = "jsonnet-0.20.0.tar.gz", hash = "sha256:7e770c7bf3a366b97b650a39430450f77612e74406731eb75c5bd59f3f104d4f"},
]

[[package]]
name = "jsonpatch"
version = "1.33"
description = "Apply JSON-Patches (RFC 6902)"
optional = false
python-versions = ">=2.7, !=3.0.*, !=3.1.*, !=3.2.*, !=3.3.*, !=3.4.*, !=3.5.*, !=3.6.*"
files = [
    {file = "jsonpatch-1.33-py2.py3-none-any.whl", hash = "sha256:0ae28c0cd062bbd8b8ecc26d7d164fbbea9652a1a3693f3b956c1eae5145dade"},
    {file = "jsonpatch-1.33.tar.gz", hash = "sha256:9fcd4009c41e6d12348b4a0ff2563ba56a2923a7dfee731d004e212e1ee5030c"},
]

[package.dependencies]
jsonpointer = ">=1.9"

[[package]]
name = "jsonpointer"
version = "3.0.0"
description = "Identify specific nodes in a JSON document (RFC 6901)"
optional = false
python-versions = ">=3.7"
files = [
    {file = "jsonpointer-3.0.0-py2.py3-none-any.whl", hash = "sha256:13e088adc14fca8b6aa8177c044e12701e6ad4b28ff10e65f2267a90109c9942"},
    {file = "jsonpointer-3.0.0.tar.gz", hash = "sha256:2b2d729f2091522d61c3b31f82e11870f60b68f43fbc705cb76bf4b832af59ef"},
]

[metadata]
lock-version = "2.0"
python-versions = "^3.10"
content-hash = "11b140ffadce47d309c8c742493617045d0d489219476f2c4965be4205716a5e"
